
Microsoft Visual Studio Solution File, Format Version 12.00
# Visual Studio Version 17
VisualStudioVersion = 17.9.34728.123
MinimumVisualStudioVersion = 10.0.40219.1
Project("{9A19103F-16F7-4668-BE54-9A1E7A4F7556}") = "Chat_app", "Chat_app.csproj", "{D61FF831-BA22-4634-8CDA-653E7CE5DD20}"
EndProject
Project("{FAE04EC0-301F-11D3-BF4B-00C04F79EFBC}") = "Chat_Desktop", "..\Chat_Desktop\Chat_Desktop.csproj", "{9CB7C22A-B4E7-47BF-896B-D52D58F88912}"
EndProject
Global
	GlobalSection(SolutionConfigurationPlatforms) = preSolution
		Debug|Any CPU = Debug|Any CPU
		Release|Any CPU = Release|Any CPU
	EndGlobalSection
	GlobalSection(ProjectConfigurationPlatforms) = postSolution
		{D61FF831-BA22-4634-8CDA-653E7CE5DD20}.Debug|Any CPU.ActiveCfg = Debug|Any CPU
		{D61FF831-BA22-4634-8CDA-653E7CE5DD20}.Debug|Any CPU.Build.0 = Debug|Any CPU
		{D61FF831-BA22-4634-8CDA-653E7CE5DD20}.Release|Any CPU.ActiveCfg = Release|Any CPU
		{D61FF831-BA22-4634-8CDA-653E7CE5DD20}.Release|Any CPU.Build.0 = Release|Any CPU
		{9CB7C22A-B4E7-47BF-896B-D52D58F88912}.Debug|Any CPU.ActiveCfg = Debug|Any CPU
		{9CB7C22A-B4E7-47BF-896B-D52D58F88912}.Debug|Any CPU.Build.0 = Debug|Any CPU
		{9CB7C22A-B4E7-47BF-896B-D52D58F88912}.Release|Any CPU.ActiveCfg = Release|Any CPU
		{9CB7C22A-B4E7-47BF-896B-D52D58F88912}.Release|Any CPU.Build.0 = Release|Any CPU
	EndGlobalSection
	GlobalSection(SolutionProperties) = preSolution
		HideSolutionNode = FALSE
	EndGlobalSection
	GlobalSection(ExtensibilityGlobals) = postSolution
		SolutionGuid = {B8199B20-552D-4C97-9A2B-7D8D1EEF7638}
	EndGlobalSection
EndGlobal
